
Microsoft Visual Studio Solution File, Format Version 12.00
# Visual Studio Version 17
VisualStudioVersion = 17.7.34202.233
MinimumVisualStudioVersion = 10.0.40219.1
Project("{FAE04EC0-301F-11D3-BF4B-00C04F79EFBC}") = "studyset", "studyset\studyset.csproj", "{C670FA97-4843-40B2-ACF3-E5FC106F4670}"
EndProject
Global
	GlobalSection(SolutionConfigurationPlatforms) = preSolution
		Debug|Any CPU = Debug|Any CPU
		Release|Any CPU = Release|Any CPU
	EndGlobalSection
	GlobalSection(ProjectConfigurationPlatforms) = postSolution
		{C670FA97-4843-40B2-ACF3-E5FC106F4670}.Debug|Any CPU.ActiveCfg = Debug|Any CPU
		{C670FA97-4843-40B2-ACF3-E5FC106F4670}.Debug|Any CPU.Build.0 = Debug|Any CPU
		{C670FA97-4843-40B2-ACF3-E5FC106F4670}.Release|Any CPU.ActiveCfg = Release|Any CPU
		{C670FA97-4843-40B2-ACF3-E5FC106F4670}.Release|Any CPU.Build.0 = Release|Any CPU
	EndGlobalSection
	GlobalSection(SolutionProperties) = preSolution
		HideSolutionNode = FALSE
	EndGlobalSection
	GlobalSection(ExtensibilityGlobals) = postSolution
		SolutionGuid = {6B718BED-FCB5-48D0-AC89-17F02EAE7B01}
	EndGlobalSection
EndGlobal
